// !$*UTF8*$!
{
	archiveVersion = 1;
	classes = {
	};
	objectVersion = 50;
	objects = {

/* Begin PBXBuildFile section */
		6E09F87F259F1BAD005FD955 /* SetGameTests.swift in Sources */ = {isa = PBXBuildFile; fileRef = 6E09F87E259F1BAD005FD955 /* SetGameTests.swift */; };
		6EB55FEB2595D61000BABFDC /* SetGameApp.swift in Sources */ = {isa = PBXBuildFile; fileRef = 6EB55FEA2595D61000BABFDC /* SetGameApp.swift */; };
		6EB55FED2595D61000BABFDC /* SetGameView.swift in Sources */ = {isa = PBXBuildFile; fileRef = 6EB55FEC2595D61000BABFDC /* SetGameView.swift */; };
		6EB55FEF2595D61100BABFDC /* Assets.xcassets in Resources */ = {isa = PBXBuildFile; fileRef = 6EB55FEE2595D61100BABFDC /* Assets.xcassets */; };
		6EB55FF22595D61100BABFDC /* Preview Assets.xcassets in Resources */ = {isa = PBXBuildFile; fileRef = 6EB55FF12595D61100BABFDC /* Preview Assets.xcassets */; };
		6EB55FFB2595D7BB00BABFDC /* Grid.swift in Sources */ = {isa = PBXBuildFile; fileRef = 6EB55FFA2595D7BB00BABFDC /* Grid.swift */; };
		6EB55FFF2595D7DB00BABFDC /* GridLayout.swift in Sources */ = {isa = PBXBuildFile; fileRef = 6EB55FFE2595D7DB00BABFDC /* GridLayout.swift */; };
		6EB560052596146C00BABFDC /* SetGame.swift in Sources */ = {isa = PBXBuildFile; fileRef = 6EB560042596146C00BABFDC /* SetGame.swift */; };
		6EB5600B2596386F00BABFDC /* Diamond.swift in Sources */ = {isa = PBXBuildFile; fileRef = 6EB5600A2596386F00BABFDC /* Diamond.swift */; };
		6EB5601025963DD000BABFDC /* Oval.swift in Sources */ = {isa = PBXBuildFile; fileRef = 6EB5600F25963DD000BABFDC /* Oval.swift */; };
		6EDC7B0F25977D0B0080B3C1 /* SetGameViewModel.swift in Sources */ = {isa = PBXBuildFile; fileRef = 6EDC7B0E25977D0A0080B3C1 /* SetGameViewModel.swift */; };
		6EDC7B142598C0BB0080B3C1 /* Cardify.swift in Sources */ = {isa = PBXBuildFile; fileRef = 6EDC7B132598C0BB0080B3C1 /* Cardify.swift */; };
		6EDC7B17259A212A0080B3C1 /* Stripes.swift in Sources */ = {isa = PBXBuildFile; fileRef = 6EDC7B16259A212A0080B3C1 /* Stripes.swift */; };
		6EE10A7225965123008BF25B /* Squiggle.swift in Sources */ = {isa = PBXBuildFile; fileRef = 6EE10A7125965123008BF25B /* Squiggle.swift */; };
/* End PBXBuildFile section */

/* Begin PBXContainerItemProxy section */
		6E09F881259F1BAD005FD955 /* PBXContainerItemProxy */ = {
			isa = PBXContainerItemProxy;
			containerPortal = 6EB55FDF2595D61000BABFDC /* Project object */;
			proxyType = 1;
			remoteGlobalIDString = 6EB55FE62595D61000BABFDC;
			remoteInfo = SetGame;
		};
/* End PBXContainerItemProxy section */

/* Begin PBXFileReference section */
		6E09F87C259F1BAD005FD955 /* SetGameTests.xctest */ = {isa = PBXFileReference; explicitFileType = wrapper.cfbundle; includeInIndex = 0; path = SetGameTests.xctest; sourceTree = BUILT_PRODUCTS_DIR; };
		6E09F87E259F1BAD005FD955 /* SetGameTests.swift */ = {isa = PBXFileReference; lastKnownFileType = sourcecode.swift; path = SetGameTests.swift; sourceTree = "<group>"; };
		6E09F880259F1BAD005FD955 /* Info.plist */ = {isa = PBXFileReference; lastKnownFileType = text.plist.xml; path = Info.plist; sourceTree = "<group>"; };
		6EB55FE72595D61000BABFDC /* SetGame.app */ = {isa = PBXFileReference; explicitFileType = wrapper.application; includeInIndex = 0; path = SetGame.app; sourceTree = BUILT_PRODUCTS_DIR; };
		6EB55FEA2595D61000BABFDC /* SetGameApp.swift */ = {isa = PBXFileReference; lastKnownFileType = sourcecode.swift; path = SetGameApp.swift; sourceTree = "<group>"; };
		6EB55FEC2595D61000BABFDC /* SetGameView.swift */ = {isa = PBXFileReference; lastKnownFileType = sourcecode.swift; path = SetGameView.swift; sourceTree = "<group>"; };
		6EB55FEE2595D61100BABFDC /* Assets.xcassets */ = {isa = PBXFileReference; lastKnownFileType = folder.assetcatalog; path = Assets.xcassets; sourceTree = "<group>"; };
		6EB55FF12595D61100BABFDC /* Preview Assets.xcassets */ = {isa = PBXFileReference; lastKnownFileType = folder.assetcatalog; path = "Preview Assets.xcassets"; sourceTree = "<group>"; };
		6EB55FF32595D61100BABFDC /* Info.plist */ = {isa = PBXFileReference; lastKnownFileType = text.plist.xml; path = Info.plist; sourceTree = "<group>"; };
		6EB55FFA2595D7BB00BABFDC /* Grid.swift */ = {isa = PBXFileReference; lastKnownFileType = sourcecode.swift; path = Grid.swift; sourceTree = "<group>"; };
		6EB55FFE2595D7DB00BABFDC /* GridLayout.swift */ = {isa = PBXFileReference; lastKnownFileType = sourcecode.swift; path = GridLayout.swift; sourceTree = "<group>"; };
		6EB560042596146C00BABFDC /* SetGame.swift */ = {isa = PBXFileReference; lastKnownFileType = sourcecode.swift; path = SetGame.swift; sourceTree = "<group>"; };
		6EB5600A2596386F00BABFDC /* Diamond.swift */ = {isa = PBXFileReference; lastKnownFileType = sourcecode.swift; path = Diamond.swift; sourceTree = "<group>"; };
		6EB5600F25963DD000BABFDC /* Oval.swift */ = {isa = PBXFileReference; lastKnownFileType = sourcecode.swift; path = Oval.swift; sourceTree = "<group>"; };
		6EDC7B0E25977D0A0080B3C1 /* SetGameViewModel.swift */ = {isa = PBXFileReference; fileEncoding = 4; lastKnownFileType = sourcecode.swift; path = SetGameViewModel.swift; sourceTree = "<group>"; };
		6EDC7B132598C0BB0080B3C1 /* Cardify.swift */ = {isa = PBXFileReference; lastKnownFileType = sourcecode.swift; path = Cardify.swift; sourceTree = "<group>"; };
		6EDC7B16259A212A0080B3C1 /* Stripes.swift */ = {isa = PBXFileReference; lastKnownFileType = sourcecode.swift; path = Stripes.swift; sourceTree = "<group>"; };
		6EE10A7125965123008BF25B /* Squiggle.swift */ = {isa = PBXFileReference; lastKnownFileType = sourcecode.swift; path = Squiggle.swift; sourceTree = "<group>"; };
/* End PBXFileReference section */

/* Begin PBXFrameworksBuildPhase section */
		6E09F879259F1BAD005FD955 /* Frameworks */ = {
			isa = PBXFrameworksBuildPhase;
			buildActionMask = 2147483647;
			files = (
			);
			runOnlyForDeploymentPostprocessing = 0;
		};
		6EB55FE42595D61000BABFDC /* Frameworks */ = {
			isa = PBXFrameworksBuildPhase;
			buildActionMask = 2147483647;
			files = (
			);
			runOnlyForDeploymentPostprocessing = 0;
		};
/* End PBXFrameworksBuildPhase section */

/* Begin PBXGroup section */
		6E09F87D259F1BAD005FD955 /* SetGameTests */ = {
			isa = PBXGroup;
			children = (
				6E09F87E259F1BAD005FD955 /* SetGameTests.swift */,
				6E09F880259F1BAD005FD955 /* Info.plist */,
			);
			path = SetGameTests;
			sourceTree = "<group>";
		};
		6EB55FDE2595D61000BABFDC = {
			isa = PBXGroup;
			children = (
				6EB55FE92595D61000BABFDC /* SetGame */,
				6E09F87D259F1BAD005FD955 /* SetGameTests */,
				6EB55FE82595D61000BABFDC /* Products */,
			);
			sourceTree = "<group>";
		};
		6EB55FE82595D61000BABFDC /* Products */ = {
			isa = PBXGroup;
			children = (
				6EB55FE72595D61000BABFDC /* SetGame.app */,
				6E09F87C259F1BAD005FD955 /* SetGameTests.xctest */,
			);
			name = Products;
			sourceTree = "<group>";
		};
		6EB55FE92595D61000BABFDC /* SetGame */ = {
			isa = PBXGroup;
			children = (
				6EB55FEA2595D61000BABFDC /* SetGameApp.swift */,
				6EB55FEC2595D61000BABFDC /* SetGameView.swift */,
				6EDC7B132598C0BB0080B3C1 /* Cardify.swift */,
				6EDC7B0E25977D0A0080B3C1 /* SetGameViewModel.swift */,
				6EB560042596146C00BABFDC /* SetGame.swift */,
				6EB55FEE2595D61100BABFDC /* Assets.xcassets */,
				6EB55FF32595D61100BABFDC /* Info.plist */,
				6EB5600A2596386F00BABFDC /* Diamond.swift */,
				6EDC7B16259A212A0080B3C1 /* Stripes.swift */,
				6EB5600F25963DD000BABFDC /* Oval.swift */,
				6EE10A7125965123008BF25B /* Squiggle.swift */,
				6EB55FFA2595D7BB00BABFDC /* Grid.swift */,
				6EB55FFE2595D7DB00BABFDC /* GridLayout.swift */,
				6EB55FF02595D61100BABFDC /* Preview Content */,
			);
			path = SetGame;
			sourceTree = "<group>";
		};
		6EB55FF02595D61100BABFDC /* Preview Content */ = {
			isa = PBXGroup;
			children = (
				6EB55FF12595D61100BABFDC /* Preview Assets.xcassets */,
			);
			path = "Preview Content";
			sourceTree = "<group>";
		};
/* End PBXGroup section */

/* Begin PBXNativeTarget section */
		6E09F87B259F1BAD005FD955 /* SetGameTests */ = {
			isa = PBXNativeTarget;
			buildConfigurationList = 6E09F885259F1BAD005FD955 /* Build configuration list for PBXNativeTarget "SetGameTests" */;
			buildPhases = (
				6E09F878259F1BAD005FD955 /* Sources */,
				6E09F879259F1BAD005FD955 /* Frameworks */,
				6E09F87A259F1BAD005FD955 /* Resources */,
			);
			buildRules = (
			);
			dependencies = (
				6E09F882259F1BAD005FD955 /* PBXTargetDependency */,
			);
			name = SetGameTests;
			productName = SetGameTests;
			productReference = 6E09F87C259F1BAD005FD955 /* SetGameTests.xctest */;
			productType = "com.apple.product-type.bundle.unit-test";
		};
		6EB55FE62595D61000BABFDC /* SetGame */ = {
			isa = PBXNativeTarget;
			buildConfigurationList = 6EB55FF62595D61100BABFDC /* Build configuration list for PBXNativeTarget "SetGame" */;
			buildPhases = (
				6EB55FE32595D61000BABFDC /* Sources */,
				6EB55FE42595D61000BABFDC /* Frameworks */,
				6EB55FE52595D61000BABFDC /* Resources */,
			);
			buildRules = (
			);
			dependencies = (
			);
			name = SetGame;
			productName = SetGame;
			productReference = 6EB55FE72595D61000BABFDC /* SetGame.app */;
			productType = "com.apple.product-type.application";
		};
/* End PBXNativeTarget section */

/* Begin PBXProject section */
		6EB55FDF2595D61000BABFDC /* Project object */ = {
			isa = PBXProject;
			attributes = {
				LastSwiftUpdateCheck = 1230;
				LastUpgradeCheck = 1230;
				TargetAttributes = {
					6E09F87B259F1BAD005FD955 = {
						CreatedOnToolsVersion = 12.3;
						TestTargetID = 6EB55FE62595D61000BABFDC;
					};
					6EB55FE62595D61000BABFDC = {
						CreatedOnToolsVersion = 12.3;
					};
				};
			};
			buildConfigurationList = 6EB55FE22595D61000BABFDC /* Build configuration list for PBXProject "SetGame" */;
			compatibilityVersion = "Xcode 9.3";
			developmentRegion = en;
			hasScannedForEncodings = 0;
			knownRegions = (
				en,
				Base,
			);
			mainGroup = 6EB55FDE2595D61000BABFDC;
			productRefGroup = 6EB55FE82595D61000BABFDC /* Products */;
			projectDirPath = "";
			projectRoot = "";
			targets = (
				6EB55FE62595D61000BABFDC /* SetGame */,
				6E09F87B259F1BAD005FD955 /* SetGameTests */,
			);
		};
/* End PBXProject section */

/* Begin PBXResourcesBuildPhase section */
		6E09F87A259F1BAD005FD955 /* Resources */ = {
			isa = PBXResourcesBuildPhase;
			buildActionMask = 2147483647;
			files = (
			);
			runOnlyForDeploymentPostprocessing = 0;
		};
		6EB55FE52595D61000BABFDC /* Resources */ = {
			isa = PBXResourcesBuildPhase;
			buildActionMask = 2147483647;
			files = (
				6EB55FF22595D61100BABFDC /* Preview Assets.xcassets in Resources */,
				6EB55FEF2595D61100BABFDC /* Assets.xcassets in Resources */,
			);
			runOnlyForDeploymentPostprocessing = 0;
		};
/* End PBXResourcesBuildPhase section */

/* Begin PBXSourcesBuildPhase section */
		6E09F878259F1BAD005FD955 /* Sources */ = {
			isa = PBXSourcesBuildPhase;
			buildActionMask = 2147483647;
			files = (
				6E09F87F259F1BAD005FD955 /* SetGameTests.swift in Sources */,
			);
			runOnlyForDeploymentPostprocessing = 0;
		};
		6EB55FE32595D61000BABFDC /* Sources */ = {
			isa = PBXSourcesBuildPhase;
			buildActionMask = 2147483647;
			files = (
				6EB5600B2596386F00BABFDC /* Diamond.swift in Sources */,
				6EB55FED2595D61000BABFDC /* SetGameView.swift in Sources */,
				6EB5601025963DD000BABFDC /* Oval.swift in Sources */,
				6EDC7B17259A212A0080B3C1 /* Stripes.swift in Sources */,
				6EB55FEB2595D61000BABFDC /* SetGameApp.swift in Sources */,
				6EB560052596146C00BABFDC /* SetGame.swift in Sources */,
				6EB55FFB2595D7BB00BABFDC /* Grid.swift in Sources */,
				6EB55FFF2595D7DB00BABFDC /* GridLayout.swift in Sources */,
				6EE10A7225965123008BF25B /* Squiggle.swift in Sources */,
				6EDC7B142598C0BB0080B3C1 /* Cardify.swift in Sources */,
				6EDC7B0F25977D0B0080B3C1 /* SetGameViewModel.swift in Sources */,
			);
			runOnlyForDeploymentPostprocessing = 0;
		};
/* End PBXSourcesBuildPhase section */

/* Begin PBXTargetDependency section */
		6E09F882259F1BAD005FD955 /* PBXTargetDependency */ = {
			isa = PBXTargetDependency;
			target = 6EB55FE62595D61000BABFDC /* SetGame */;
			targetProxy = 6E09F881259F1BAD005FD955 /* PBXContainerItemProxy */;
		};
/* End PBXTargetDependency section */

/* Begin XCBuildConfiguration section */
		6E09F883259F1BAD005FD955 /* Debug */ = {
			isa = XCBuildConfiguration;
			buildSettings = {
				BUNDLE_LOADER = "$(TEST_HOST)";
				CODE_SIGN_STYLE = Automatic;
				DEVELOPMENT_TEAM = "";
				INFOPLIST_FILE = SetGameTests/Info.plist;
				LD_RUNPATH_SEARCH_PATHS = (
					"$(inherited)",
					"@executable_path/Frameworks",
					"@loader_path/Frameworks",
				);
				PRODUCT_BUNDLE_IDENTIFIER = se.indy.SetGameTests;
				PRODUCT_NAME = "$(TARGET_NAME)";
				SWIFT_VERSION = 5.0;
				TARGETED_DEVICE_FAMILY = "1,2";
				TEST_HOST = "$(BUILT_PRODUCTS_DIR)/SetGame.app/SetGame";
			};
			name = Debug;
		};
		6E09F884259F1BAD005FD955 /* Release */ = {
			isa = XCBuildConfiguration;
			buildSettings = {
				BUNDLE_LOADER = "$(TEST_HOST)";
				CODE_SIGN_STYLE = Automatic;
				DEVELOPMENT_TEAM = "";
				INFOPLIST_FILE = SetGameTests/Info.plist;
				LD_RUNPATH_SEARCH_PATHS = (
					"$(inherited)",
					"@executable_path/Frameworks",
					"@loader_path/Frameworks",
				);
				PRODUCT_BUNDLE_IDENTIFIER = se.indy.SetGameTests;
				PRODUCT_NAME = "$(TARGET_NAME)";
				SWIFT_VERSION = 5.0;
				TARGETED_DEVICE_FAMILY = "1,2";
				TEST_HOST = "$(BUILT_PRODUCTS_DIR)/SetGame.app/SetGame";
			};
			name = Release;
		};
		6EB55FF42595D61100BABFDC /* Debug */ = {
			isa = XCBuildConfiguration;
			buildSettings = {
				ALWAYS_SEARCH_USER_PATHS = NO;
				CLANG_ANALYZER_NONNULL = YES;
				CLANG_ANALYZER_NUMBER_OBJECT_CONVERSION = YES_AGGRESSIVE;
				CLANG_CXX_LANGUAGE_STANDARD = "gnu++14";
				CLANG_CXX_LIBRARY = "libc++";
				CLANG_ENABLE_MODULES = YES;
				CLANG_ENABLE_OBJC_ARC = YES;
				CLANG_ENABLE_OBJC_WEAK = YES;
				CLANG_WARN_BLOCK_CAPTURE_AUTORELEASING = YES;
				CLANG_WARN_BOOL_CONVERSION = YES;
				CLANG_WARN_COMMA = YES;
				CLANG_WARN_CONSTANT_CONVERSION = YES;
				CLANG_WARN_DEPRECATED_OBJC_IMPLEMENTATIONS = YES;
				CLANG_WARN_DIRECT_OBJC_ISA_USAGE = YES_ERROR;
				CLANG_WARN_DOCUMENTATION_COMMENTS = YES;
				CLANG_WARN_EMPTY_BODY = YES;
				CLANG_WARN_ENUM_CONVERSION = YES;
				CLANG_WARN_INFINITE_RECURSION = YES;
				CLANG_WARN_INT_CONVERSION = YES;
				CLANG_WARN_NON_LITERAL_NULL_CONVERSION = YES;
				CLANG_WARN_OBJC_IMPLICIT_RETAIN_SELF = YES;
				CLANG_WARN_OBJC_LITERAL_CONVERSION = YES;
				CLANG_WARN_OBJC_ROOT_CLASS = YES_ERROR;
				CLANG_WARN_QUOTED_INCLUDE_IN_FRAMEWORK_HEADER = YES;
				CLANG_WARN_RANGE_LOOP_ANALYSIS = YES;
				CLANG_WARN_STRICT_PROTOTYPES = YES;
				CLANG_WARN_SUSPICIOUS_MOVE = YES;
				CLANG_WARN_UNGUARDED_AVAILABILITY = YES_AGGRESSIVE;
				CLANG_WARN_UNREACHABLE_CODE = YES;
				CLANG_WARN__DUPLICATE_METHOD_MATCH = YES;
				COPY_PHASE_STRIP = NO;
				DEBUG_INFORMATION_FORMAT = dwarf;
				ENABLE_STRICT_OBJC_MSGSEND = YES;
				ENABLE_TESTABILITY = YES;
				GCC_C_LANGUAGE_STANDARD = gnu11;
				GCC_DYNAMIC_NO_PIC = NO;
				GCC_NO_COMMON_BLOCKS = YES;
				GCC_OPTIMIZATION_LEVEL = 0;
				GCC_PREPROCESSOR_DEFINITIONS = (
					"DEBUG=1",
					"$(inherited)",
				);
				GCC_WARN_64_TO_32_BIT_CONVERSION = YES;
				GCC_WARN_ABOUT_RETURN_TYPE = YES_ERROR;
				GCC_WARN_UNDECLARED_SELECTOR = YES;
				GCC_WARN_UNINITIALIZED_AUTOS = YES_AGGRESSIVE;
				GCC_WARN_UNUSED_FUNCTION = YES;
				GCC_WARN_UNUSED_VARIABLE = YES;
				IPHONEOS_DEPLOYMENT_TARGET = 14.3;
				MTL_ENABLE_DEBUG_INFO = INCLUDE_SOURCE;
				MTL_FAST_MATH = YES;
				ONLY_ACTIVE_ARCH = YES;
				SDKROOT = iphoneos;
				SWIFT_ACTIVE_COMPILATION_CONDITIONS = DEBUG;
				SWIFT_OPTIMIZATION_LEVEL = "-Onone";
			};
			name = Debug;
		};
		6EB55FF52595D61100BABFDC /* Release */ = {
			isa = XCBuildConfiguration;
			buildSettings = {
				ALWAYS_SEARCH_USER_PATHS = NO;
				CLANG_ANALYZER_NONNULL = YES;
				CLANG_ANALYZER_NUMBER_OBJECT_CONVERSION = YES_AGGRESSIVE;
				CLANG_CXX_LANGUAGE_STANDARD = "gnu++14";
				CLANG_CXX_LIBRARY = "libc++";
				CLANG_ENABLE_MODULES = YES;
				CLANG_ENABLE_OBJC_ARC = YES;
				CLANG_ENABLE_OBJC_WEAK = YES;
				CLANG_WARN_BLOCK_CAPTURE_AUTORELEASING = YES;
				CLANG_WARN_BOOL_CONVERSION = YES;
				CLANG_WARN_COMMA = YES;
				CLANG_WARN_CONSTANT_CONVERSION = YES;
				CLANG_WARN_DEPRECATED_OBJC_IMPLEMENTATIONS = YES;
				CLANG_WARN_DIRECT_OBJC_ISA_USAGE = YES_ERROR;
				CLANG_WARN_DOCUMENTATION_COMMENTS = YES;
				CLANG_WARN_EMPTY_BODY = YES;
				CLANG_WARN_ENUM_CONVERSION = YES;
				CLANG_WARN_INFINITE_RECURSION = YES;
				CLANG_WARN_INT_CONVERSION = YES;
				CLANG_WARN_NON_LITERAL_NULL_CONVERSION = YES;
				CLANG_WARN_OBJC_IMPLICIT_RETAIN_SELF = YES;
				CLANG_WARN_OBJC_LITERAL_CONVERSION = YES;
				CLANG_WARN_OBJC_ROOT_CLASS = YES_ERROR;
				CLANG_WARN_QUOTED_INCLUDE_IN_FRAMEWORK_HEADER = YES;
				CLANG_WARN_RANGE_LOOP_ANALYSIS = YES;
				CLANG_WARN_STRICT_PROTOTYPES = YES;
				CLANG_WARN_SUSPICIOUS_MOVE = YES;
				CLANG_WARN_UNGUARDED_AVAILABILITY = YES_AGGRESSIVE;
				CLANG_WARN_UNREACHABLE_CODE = YES;
				CLANG_WARN__DUPLICATE_METHOD_MATCH = YES;
				COPY_PHASE_STRIP = NO;
				DEBUG_INFORMATION_FORMAT = "dwarf-with-dsym";
				ENABLE_NS_ASSERTIONS = NO;
				ENABLE_STRICT_OBJC_MSGSEND = YES;
				GCC_C_LANGUAGE_STANDARD = gnu11;
				GCC_NO_COMMON_BLOCKS = YES;
				GCC_WARN_64_TO_32_BIT_CONVERSION = YES;
				GCC_WARN_ABOUT_RETURN_TYPE = YES_ERROR;
				GCC_WARN_UNDECLARED_SELECTOR = YES;
				GCC_WARN_UNINITIALIZED_AUTOS = YES_AGGRESSIVE;
				GCC_WARN_UNUSED_FUNCTION = YES;
				GCC_WARN_UNUSED_VARIABLE = YES;
				IPHONEOS_DEPLOYMENT_TARGET = 14.3;
				MTL_ENABLE_DEBUG_INFO = NO;
				MTL_FAST_MATH = YES;
				SDKROOT = iphoneos;
				SWIFT_COMPILATION_MODE = wholemodule;
				SWIFT_OPTIMIZATION_LEVEL = "-O";
				VALIDATE_PRODUCT = YES;
			};
			name = Release;
		};
		6EB55FF72595D61100BABFDC /* Debug */ = {
			isa = XCBuildConfiguration;
			buildSettings = {
				ASSETCATALOG_COMPILER_APPICON_NAME = AppIcon;
				ASSETCATALOG_COMPILER_GLOBAL_ACCENT_COLOR_NAME = AccentColor;
				CODE_SIGN_IDENTITY = "Apple Development";
				CODE_SIGN_STYLE = Automatic;
				DEVELOPMENT_ASSET_PATHS = "\"SetGame/Preview Content\"";
				DEVELOPMENT_TEAM = FSS8F3TQHD;
				ENABLE_PREVIEWS = YES;
				INFOPLIST_FILE = SetGame/Info.plist;
				IPHONEOS_DEPLOYMENT_TARGET = 14.0;
				LD_RUNPATH_SEARCH_PATHS = (
					"$(inherited)",
					"@executable_path/Frameworks",
				);
				PRODUCT_BUNDLE_IDENTIFIER = se.indy.SetGame;
				PRODUCT_NAME = "$(TARGET_NAME)";
				PROVISIONING_PROFILE_SPECIFIER = "";
				SWIFT_VERSION = 5.0;
				TARGETED_DEVICE_FAMILY = "1,2";
			};
			name = Debug;
		};
		6EB55FF82595D61100BABFDC /* Release */ = {
			isa = XCBuildConfiguration;
			buildSettings = {
				ASSETCATALOG_COMPILER_APPICON_NAME = AppIcon;
				ASSETCATALOG_COMPILER_GLOBAL_ACCENT_COLOR_NAME = AccentColor;
				CODE_SIGN_IDENTITY = "Apple Development";
				CODE_SIGN_STYLE = Automatic;
				DEVELOPMENT_ASSET_PATHS = "\"SetGame/Preview Content\"";
				DEVELOPMENT_TEAM = FSS8F3TQHD;
				ENABLE_PREVIEWS = YES;
				INFOPLIST_FILE = SetGame/Info.plist;
				IPHONEOS_DEPLOYMENT_TARGET = 14.0;
				LD_RUNPATH_SEARCH_PATHS = (
					"$(inherited)",
					"@executable_path/Frameworks",
				);
				PRODUCT_BUNDLE_IDENTIFIER = se.indy.SetGame;
				PRODUCT_NAME = "$(TARGET_NAME)";
				PROVISIONING_PROFILE_SPECIFIER = "";
				SWIFT_VERSION = 5.0;
				TARGETED_DEVICE_FAMILY = "1,2";
			};
			name = Release;
		};
/* End XCBuildConfiguration section */

/* Begin XCConfigurationList section */
		6E09F885259F1BAD005FD955 /* Build configuration list for PBXNativeTarget "SetGameTests" */ = {
			isa = XCConfigurationList;
			buildConfigurations = (
				6E09F883259F1BAD005FD955 /* Debug */,
				6E09F884259F1BAD005FD955 /* Release */,
			);
			defaultConfigurationIsVisible = 0;
			defaultConfigurationName = Release;
		};
		6EB55FE22595D61000BABFDC /* Build configuration list for PBXProject "SetGame" */ = {
			isa = XCConfigurationList;
			buildConfigurations = (
				6EB55FF42595D61100BABFDC /* Debug */,
				6EB55FF52595D61100BABFDC /* Release */,
			);
			defaultConfigurationIsVisible = 0;
			defaultConfigurationName = Release;
		};
		6EB55FF62595D61100BABFDC /* Build configuration list for PBXNativeTarget "SetGame" */ = {
			isa = XCConfigurationList;
			buildConfigurations = (
				6EB55FF72595D61100BABFDC /* Debug */,
				6EB55FF82595D61100BABFDC /* Release */,
			);
			defaultConfigurationIsVisible = 0;
			defaultConfigurationName = Release;
		};
/* End XCConfigurationList section */
	};
	rootObject = 6EB55FDF2595D61000BABFDC /* Project object */;
}
